
Microsoft Visual Studio Solution File, Format Version 12.00
# Visual Studio Version 16
VisualStudioVersion = 16.0.810.7
MinimumVisualStudioVersion = 10.0.40219.1
Project("{FAE04EC0-301F-11D3-BF4B-00C04F79EFBC}") = "APIMockApp.Android", "APIMockApp.Android\APIMockApp.Android.csproj", "{00946D5C-B857-45BC-962B-2CD9B345E3E2}"
EndProject
Project("{FAE04EC0-301F-11D3-BF4B-00C04F79EFBC}") = "APIMockApp.iOS", "APIMockApp.iOS\APIMockApp.iOS.csproj", "{D486F217-E914-4629-8B69-F152FCEB6C46}"
EndProject
Project("{FAE04EC0-301F-11D3-BF4B-00C04F79EFBC}") = "APIMockApp", "APIMockApp\APIMockApp.csproj", "{2BF4B577-C84C-4CFC-A32D-E4630952244E}"
EndProject
Global
	GlobalSection(SolutionConfigurationPlatforms) = preSolution
		Debug|Any CPU = Debug|Any CPU
		Release|Any CPU = Release|Any CPU
		Debug|iPhoneSimulator = Debug|iPhoneSimulator
		Release|iPhoneSimulator = Release|iPhoneSimulator
		Debug|iPhone = Debug|iPhone
		Release|iPhone = Release|iPhone
	EndGlobalSection
	GlobalSection(ProjectConfigurationPlatforms) = postSolution
		{00946D5C-B857-45BC-962B-2CD9B345E3E2}.Debug|Any CPU.ActiveCfg = Debug|Any CPU
		{00946D5C-B857-45BC-962B-2CD9B345E3E2}.Debug|Any CPU.Build.0 = Debug|Any CPU
		{00946D5C-B857-45BC-962B-2CD9B345E3E2}.Release|Any CPU.ActiveCfg = Release|Any CPU
		{00946D5C-B857-45BC-962B-2CD9B345E3E2}.Release|Any CPU.Build.0 = Release|Any CPU
		{00946D5C-B857-45BC-962B-2CD9B345E3E2}.Debug|iPhoneSimulator.ActiveCfg = Debug|Any CPU
		{00946D5C-B857-45BC-962B-2CD9B345E3E2}.Debug|iPhoneSimulator.Build.0 = Debug|Any CPU
		{00946D5C-B857-45BC-962B-2CD9B345E3E2}.Release|iPhoneSimulator.ActiveCfg = Release|Any CPU
		{00946D5C-B857-45BC-962B-2CD9B345E3E2}.Release|iPhoneSimulator.Build.0 = Release|Any CPU
		{00946D5C-B857-45BC-962B-2CD9B345E3E2}.Debug|iPhone.ActiveCfg = Debug|Any CPU
		{00946D5C-B857-45BC-962B-2CD9B345E3E2}.Debug|iPhone.Build.0 = Debug|Any CPU
		{00946D5C-B857-45BC-962B-2CD9B345E3E2}.Release|iPhone.ActiveCfg = Release|Any CPU
		{00946D5C-B857-45BC-962B-2CD9B345E3E2}.Release|iPhone.Build.0 = Release|Any CPU
		{D486F217-E914-4629-8B69-F152FCEB6C46}.Debug|Any CPU.ActiveCfg = Debug|iPhoneSimulator
		{D486F217-E914-4629-8B69-F152FCEB6C46}.Debug|Any CPU.Build.0 = Debug|iPhoneSimulator
		{D486F217-E914-4629-8B69-F152FCEB6C46}.Release|Any CPU.ActiveCfg = Release|iPhoneSimulator
		{D486F217-E914-4629-8B69-F152FCEB6C46}.Release|Any CPU.Build.0 = Release|iPhoneSimulator
		{D486F217-E914-4629-8B69-F152FCEB6C46}.Debug|iPhoneSimulator.ActiveCfg = Debug|iPhoneSimulator
		{D486F217-E914-4629-8B69-F152FCEB6C46}.Debug|iPhoneSimulator.Build.0 = Debug|iPhoneSimulator
		{D486F217-E914-4629-8B69-F152FCEB6C46}.Release|iPhoneSimulator.ActiveCfg = Release|iPhoneSimulator
		{D486F217-E914-4629-8B69-F152FCEB6C46}.Release|iPhoneSimulator.Build.0 = Release|iPhoneSimulator
		{D486F217-E914-4629-8B69-F152FCEB6C46}.Debug|iPhone.ActiveCfg = Debug|iPhone
		{D486F217-E914-4629-8B69-F152FCEB6C46}.Debug|iPhone.Build.0 = Debug|iPhone
		{D486F217-E914-4629-8B69-F152FCEB6C46}.Release|iPhone.ActiveCfg = Release|iPhone
		{D486F217-E914-4629-8B69-F152FCEB6C46}.Release|iPhone.Build.0 = Release|iPhone
		{2BF4B577-C84C-4CFC-A32D-E4630952244E}.Debug|Any CPU.ActiveCfg = Debug|Any CPU
		{2BF4B577-C84C-4CFC-A32D-E4630952244E}.Debug|Any CPU.Build.0 = Debug|Any CPU
		{2BF4B577-C84C-4CFC-A32D-E4630952244E}.Release|Any CPU.ActiveCfg = Release|Any CPU
		{2BF4B577-C84C-4CFC-A32D-E4630952244E}.Release|Any CPU.Build.0 = Release|Any CPU
		{2BF4B577-C84C-4CFC-A32D-E4630952244E}.Debug|iPhoneSimulator.ActiveCfg = Debug|Any CPU
		{2BF4B577-C84C-4CFC-A32D-E4630952244E}.Debug|iPhoneSimulator.Build.0 = Debug|Any CPU
		{2BF4B577-C84C-4CFC-A32D-E4630952244E}.Release|iPhoneSimulator.ActiveCfg = Release|Any CPU
		{2BF4B577-C84C-4CFC-A32D-E4630952244E}.Release|iPhoneSimulator.Build.0 = Release|Any CPU
		{2BF4B577-C84C-4CFC-A32D-E4630952244E}.Debug|iPhone.ActiveCfg = Debug|Any CPU
		{2BF4B577-C84C-4CFC-A32D-E4630952244E}.Debug|iPhone.Build.0 = Debug|Any CPU
		{2BF4B577-C84C-4CFC-A32D-E4630952244E}.Release|iPhone.ActiveCfg = Release|Any CPU
		{2BF4B577-C84C-4CFC-A32D-E4630952244E}.Release|iPhone.Build.0 = Release|Any CPU
	EndGlobalSection
	GlobalSection(SolutionProperties) = preSolution
		HideSolutionNode = FALSE
	EndGlobalSection
	GlobalSection(ExtensibilityGlobals) = postSolution
		SolutionGuid = {419C01BD-34F5-48F1-9BB6-6581F4032764}
	EndGlobalSection
EndGlobal
